// !$*UTF8*$!
{
	archiveVersion = 1;
	classes = {
	};
	objectVersion = 46;
	objects = {

/* Begin PBXBuildFile section */
		84BF698B171567E300224816 /* Foundation.framework in Frameworks */ = {isa = PBXBuildFile; fileRef = 84BF698A171567E300224816 /* Foundation.framework */; };
		84BF698D171567E400224816 /* UIKit.framework in Frameworks */ = {isa = PBXBuildFile; fileRef = 84BF698C171567E400224816 /* UIKit.framework */; };
		84BF698F171567E400224816 /* CFNetwork.framework in Frameworks */ = {isa = PBXBuildFile; fileRef = 84BF698E171567E400224816 /* CFNetwork.framework */; };
		84BF6991171567E400224816 /* CoreGraphics.framework in Frameworks */ = {isa = PBXBuildFile; fileRef = 84BF6990171567E400224816 /* CoreGraphics.framework */; };
		84BF6993171567E400224816 /* CoreLocation.framework in Frameworks */ = {isa = PBXBuildFile; fileRef = 84BF6992171567E400224816 /* CoreLocation.framework */; };
		84BF6995171567E400224816 /* CoreMedia.framework in Frameworks */ = {isa = PBXBuildFile; fileRef = 84BF6994171567E400224816 /* CoreMedia.framework */; };
		84BF6997171567E400224816 /* QuartzCore.framework in Frameworks */ = {isa = PBXBuildFile; fileRef = 84BF6996171567E400224816 /* QuartzCore.framework */; };
		84BF6999171567E400224816 /* Security.framework in Frameworks */ = {isa = PBXBuildFile; fileRef = 84BF6998171567E400224816 /* Security.framework */; };
		84BF699B171567E400224816 /* MobileCoreServices.framework in Frameworks */ = {isa = PBXBuildFile; fileRef = 84BF699A171567E400224816 /* MobileCoreServices.framework */; };
		84BF699D171567E400224816 /* AddressBook.framework in Frameworks */ = {isa = PBXBuildFile; fileRef = 84BF699C171567E400224816 /* AddressBook.framework */; };
		84BF699F171567E400224816 /* AddressBookUI.framework in Frameworks */ = {isa = PBXBuildFile; fileRef = 84BF699E171567E400224816 /* AddressBookUI.framework */; };
		84BF69A1171567E400224816 /* AudioToolbox.framework in Frameworks */ = {isa = PBXBuildFile; fileRef = 84BF69A0171567E400224816 /* AudioToolbox.framework */; };
		84BF69A3171567E400224816 /* AVFoundation.framework in Frameworks */ = {isa = PBXBuildFile; fileRef = 84BF69A2171567E400224816 /* AVFoundation.framework */; };
		84BF69A5171567E400224816 /* MediaPlayer.framework in Frameworks */ = {isa = PBXBuildFile; fileRef = 84BF69A4171567E400224816 /* MediaPlayer.framework */; };
		84BF69A7171567E400224816 /* SystemConfiguration.framework in Frameworks */ = {isa = PBXBuildFile; fileRef = 84BF69A6171567E400224816 /* SystemConfiguration.framework */; };
		84BF69AD171567E400224816 /* InfoPlist.strings in Resources */ = {isa = PBXBuildFile; fileRef = 84BF69AB171567E400224816 /* InfoPlist.strings */; };
		84BF69AF171567E400224816 /* main.m in Sources */ = {isa = PBXBuildFile; fileRef = 84BF69AE171567E400224816 /* main.m */; };
		84BF69B1171567E400224816 /* MobileComp-Prefix.pch in Resources */ = {isa = PBXBuildFile; fileRef = 84BF69B0171567E400224816 /* MobileComp-Prefix.pch */; };
		84BF69CA171567E500224816 /* PhoneGap.framework in Frameworks */ = {isa = PBXBuildFile; fileRef = 84BF69C9171567E500224816 /* PhoneGap.framework */; };
		84BF69D2171567E500224816 /* libSalesforceOAuth.a in Frameworks */ = {isa = PBXBuildFile; fileRef = 84BF69D1171567E500224816 /* libSalesforceOAuth.a */; };
		84BF69E0171567E500224816 /* libsbjson-ios.a in Frameworks */ = {isa = PBXBuildFile; fileRef = 84BF69DF171567E500224816 /* libsbjson-ios.a */; };
		84BF69E4171567E500224816 /* icon-72.png in Resources */ = {isa = PBXBuildFile; fileRef = 84BF69E3171567E500224816 /* icon-72.png */; };
		84BF69E6171567E500224816 /* icon.png in Resources */ = {isa = PBXBuildFile; fileRef = 84BF69E5171567E500224816 /* icon.png */; };
		84BF69E8171567E500224816 /* icon@2x.png in Resources */ = {isa = PBXBuildFile; fileRef = 84BF69E7171567E500224816 /* icon@2x.png */; };
		84BF69EB171567E500224816 /* Default-Landscape~ipad.png in Resources */ = {isa = PBXBuildFile; fileRef = 84BF69EA171567E500224816 /* Default-Landscape~ipad.png */; };
		84BF69ED171567E600224816 /* Default-Portrait~ipad.png in Resources */ = {isa = PBXBuildFile; fileRef = 84BF69EC171567E600224816 /* Default-Portrait~ipad.png */; };
		84BF69EF171567E600224816 /* Default.png in Resources */ = {isa = PBXBuildFile; fileRef = 84BF69EE171567E600224816 /* Default.png */; };
		84BF69F1171567E600224816 /* Default@2x.png in Resources */ = {isa = PBXBuildFile; fileRef = 84BF69F0171567E600224816 /* Default@2x.png */; };
		84BF69F3171567E600224816 /* Default~iPad.png in Resources */ = {isa = PBXBuildFile; fileRef = 84BF69F2171567E600224816 /* Default~iPad.png */; };
		84BF69F5171567E600224816 /* readme.md in Resources */ = {isa = PBXBuildFile; fileRef = 84BF69F4171567E600224816 /* readme.md */; };
		84BF69F9171567E600224816 /* AppDelegate.m in Sources */ = {isa = PBXBuildFile; fileRef = 84BF69F8171567E600224816 /* AppDelegate.m */; };
		84BF69FD171567E600224816 /* SFContainerAppDelegate.m in Sources */ = {isa = PBXBuildFile; fileRef = 84BF69FC171567E600224816 /* SFContainerAppDelegate.m */; };
		84BF6A00171567E600224816 /* README in Resources */ = {isa = PBXBuildFile; fileRef = 84BF69FF171567E600224816 /* README */; };
		84BF6A02171567E600224816 /* SalesforceOAuthPlugin.m in Sources */ = {isa = PBXBuildFile; fileRef = 84BF6A01171567E600224816 /* SalesforceOAuthPlugin.m */; };
		84BF6A05171567E600224816 /* PhoneGap.plist in Resources */ = {isa = PBXBuildFile; fileRef = 84BF6A04171567E600224816 /* PhoneGap.plist */; };
		84BF6A07171567E600224816 /* Settings.bundle in Resources */ = {isa = PBXBuildFile; fileRef = 84BF6A06171567E600224816 /* Settings.bundle */; };
		84BF6A09171567E600224816 /* PhoneGapResources.bundle in Resources */ = {isa = PBXBuildFile; fileRef = 84BF6A08171567E600224816 /* PhoneGapResources.bundle */; };
		84BF6A1517156C5500224816 /* www in Resources */ = {isa = PBXBuildFile; fileRef = 84BF6A1417156C5500224816 /* www */; };
/* End PBXBuildFile section */

/* Begin PBXFileReference section */
		84BF6986171567E300224816 /* MobileComp.app */ = {isa = PBXFileReference; explicitFileType = wrapper.application; includeInIndex = 0; path = MobileComp.app; sourceTree = BUILT_PRODUCTS_DIR; };
		84BF698A171567E300224816 /* Foundation.framework */ = {isa = PBXFileReference; lastKnownFileType = wrapper.framework; name = Foundation.framework; path = System/Library/Frameworks/Foundation.framework; sourceTree = SDKROOT; };
		84BF698C171567E400224816 /* UIKit.framework */ = {isa = PBXFileReference; lastKnownFileType = wrapper.framework; name = UIKit.framework; path = System/Library/Frameworks/UIKit.framework; sourceTree = SDKROOT; };
		84BF698E171567E400224816 /* CFNetwork.framework */ = {isa = PBXFileReference; lastKnownFileType = wrapper.framework; name = CFNetwork.framework; path = System/Library/Frameworks/CFNetwork.framework; sourceTree = SDKROOT; };
		84BF6990171567E400224816 /* CoreGraphics.framework */ = {isa = PBXFileReference; lastKnownFileType = wrapper.framework; name = CoreGraphics.framework; path = System/Library/Frameworks/CoreGraphics.framework; sourceTree = SDKROOT; };
		84BF6992171567E400224816 /* CoreLocation.framework */ = {isa = PBXFileReference; lastKnownFileType = wrapper.framework; name = CoreLocation.framework; path = System/Library/Frameworks/CoreLocation.framework; sourceTree = SDKROOT; };
		84BF6994171567E400224816 /* CoreMedia.framework */ = {isa = PBXFileReference; lastKnownFileType = wrapper.framework; name = CoreMedia.framework; path = System/Library/Frameworks/CoreMedia.framework; sourceTree = SDKROOT; };
		84BF6996171567E400224816 /* QuartzCore.framework */ = {isa = PBXFileReference; lastKnownFileType = wrapper.framework; name = QuartzCore.framework; path = System/Library/Frameworks/QuartzCore.framework; sourceTree = SDKROOT; };
		84BF6998171567E400224816 /* Security.framework */ = {isa = PBXFileReference; lastKnownFileType = wrapper.framework; name = Security.framework; path = System/Library/Frameworks/Security.framework; sourceTree = SDKROOT; };
		84BF699A171567E400224816 /* MobileCoreServices.framework */ = {isa = PBXFileReference; lastKnownFileType = wrapper.framework; name = MobileCoreServices.framework; path = System/Library/Frameworks/MobileCoreServices.framework; sourceTree = SDKROOT; };
		84BF699C171567E400224816 /* AddressBook.framework */ = {isa = PBXFileReference; lastKnownFileType = wrapper.framework; name = AddressBook.framework; path = System/Library/Frameworks/AddressBook.framework; sourceTree = SDKROOT; };
		84BF699E171567E400224816 /* AddressBookUI.framework */ = {isa = PBXFileReference; lastKnownFileType = wrapper.framework; name = AddressBookUI.framework; path = System/Library/Frameworks/AddressBookUI.framework; sourceTree = SDKROOT; };
		84BF69A0171567E400224816 /* AudioToolbox.framework */ = {isa = PBXFileReference; lastKnownFileType = wrapper.framework; name = AudioToolbox.framework; path = System/Library/Frameworks/AudioToolbox.framework; sourceTree = SDKROOT; };
		84BF69A2171567E400224816 /* AVFoundation.framework */ = {isa = PBXFileReference; lastKnownFileType = wrapper.framework; name = AVFoundation.framework; path = System/Library/Frameworks/AVFoundation.framework; sourceTree = SDKROOT; };
		84BF69A4171567E400224816 /* MediaPlayer.framework */ = {isa = PBXFileReference; lastKnownFileType = wrapper.framework; name = MediaPlayer.framework; path = System/Library/Frameworks/MediaPlayer.framework; sourceTree = SDKROOT; };
		84BF69A6171567E400224816 /* SystemConfiguration.framework */ = {isa = PBXFileReference; lastKnownFileType = wrapper.framework; name = SystemConfiguration.framework; path = System/Library/Frameworks/SystemConfiguration.framework; sourceTree = SDKROOT; };
		84BF69AA171567E400224816 /* MobileComp-Info.plist */ = {isa = PBXFileReference; lastKnownFileType = text.plist.xml; path = "MobileComp-Info.plist"; sourceTree = "<group>"; };
		84BF69AC171567E400224816 /* en */ = {isa = PBXFileReference; lastKnownFileType = text.plist.strings; name = en; path = en.lproj/InfoPlist.strings; sourceTree = "<group>"; };
		84BF69AE171567E400224816 /* main.m */ = {isa = PBXFileReference; lastKnownFileType = sourcecode.c.objc; path = main.m; sourceTree = "<group>"; };
		84BF69B0171567E400224816 /* MobileComp-Prefix.pch */ = {isa = PBXFileReference; lastKnownFileType = sourcecode.c.h; path = "MobileComp-Prefix.pch"; sourceTree = "<group>"; };
		84BF69C9171567E500224816 /* PhoneGap.framework */ = {isa = PBXFileReference; lastKnownFileType = wrapper.framework; name = PhoneGap.framework; path = dependencies/PhoneGap.framework; sourceTree = "<group>"; };
		84BF69CF171567E500224816 /* SFOAuthCoordinator.h */ = {isa = PBXFileReference; lastKnownFileType = sourcecode.c.h; name = SFOAuthCoordinator.h; path = dependencies/SalesforceOAuth/include/SalesforceOAuth/SFOAuthCoordinator.h; sourceTree = "<group>"; };
		84BF69D0171567E500224816 /* SFOAuthCredentials.h */ = {isa = PBXFileReference; lastKnownFileType = sourcecode.c.h; name = SFOAuthCredentials.h; path = dependencies/SalesforceOAuth/include/SalesforceOAuth/SFOAuthCredentials.h; sourceTree = "<group>"; };
		84BF69D1171567E500224816 /* libSalesforceOAuth.a */ = {isa = PBXFileReference; lastKnownFileType = archive.ar; name = libSalesforceOAuth.a; path = dependencies/SalesforceOAuth/libSalesforceOAuth.a; sourceTree = "<group>"; };
		84BF69D6171567E500224816 /* NSObject+SBJson.h */ = {isa = PBXFileReference; lastKnownFileType = sourcecode.c.h; name = "NSObject+SBJson.h"; path = "dependencies/SBJson/include/SBJson/NSObject+SBJson.h"; sourceTree = "<group>"; };
		84BF69D7171567E500224816 /* SBJson.h */ = {isa = PBXFileReference; lastKnownFileType = sourcecode.c.h; name = SBJson.h; path = dependencies/SBJson/include/SBJson/SBJson.h; sourceTree = "<group>"; };
		84BF69D8171567E500224816 /* SBJsonParser.h */ = {isa = PBXFileReference; lastKnownFileType = sourcecode.c.h; name = SBJsonParser.h; path = dependencies/SBJson/include/SBJson/SBJsonParser.h; sourceTree = "<group>"; };
		84BF69D9171567E500224816 /* SBJsonStreamParser.h */ = {isa = PBXFileReference; lastKnownFileType = sourcecode.c.h; name = SBJsonStreamParser.h; path = dependencies/SBJson/include/SBJson/SBJsonStreamParser.h; sourceTree = "<group>"; };
		84BF69DA171567E500224816 /* SBJsonStreamParserAccumulator.h */ = {isa = PBXFileReference; lastKnownFileType = sourcecode.c.h; name = SBJsonStreamParserAccumulator.h; path = dependencies/SBJson/include/SBJson/SBJsonStreamParserAccumulator.h; sourceTree = "<group>"; };
		84BF69DB171567E500224816 /* SBJsonStreamParserAdapter.h */ = {isa = PBXFileReference; lastKnownFileType = sourcecode.c.h; name = SBJsonStreamParserAdapter.h; path = dependencies/SBJson/include/SBJson/SBJsonStreamParserAdapter.h; sourceTree = "<group>"; };
		84BF69DC171567E500224816 /* SBJsonStreamWriter.h */ = {isa = PBXFileReference; lastKnownFileType = sourcecode.c.h; name = SBJsonStreamWriter.h; path = dependencies/SBJson/include/SBJson/SBJsonStreamWriter.h; sourceTree = "<group>"; };
		84BF69DD171567E500224816 /* SBJsonStreamWriterAccumulator.h */ = {isa = PBXFileReference; lastKnownFileType = sourcecode.c.h; name = SBJsonStreamWriterAccumulator.h; path = dependencies/SBJson/include/SBJson/SBJsonStreamWriterAccumulator.h; sourceTree = "<group>"; };
		84BF69DE171567E500224816 /* SBJsonWriter.h */ = {isa = PBXFileReference; lastKnownFileType = sourcecode.c.h; name = SBJsonWriter.h; path = dependencies/SBJson/include/SBJson/SBJsonWriter.h; sourceTree = "<group>"; };
		84BF69DF171567E500224816 /* libsbjson-ios.a */ = {isa = PBXFileReference; lastKnownFileType = archive.ar; name = "libsbjson-ios.a"; path = "dependencies/SBJson/libsbjson-ios.a"; sourceTree = "<group>"; };
		84BF69E3171567E500224816 /* icon-72.png */ = {isa = PBXFileReference; lastKnownFileType = image.png; name = "icon-72.png"; path = "Resources/icons/icon-72.png"; sourceTree = "<group>"; };
		84BF69E5171567E500224816 /* icon.png */ = {isa = PBXFileReference; lastKnownFileType = image.png; name = icon.png; path = Resources/icons/icon.png; sourceTree = "<group>"; };
		84BF69E7171567E500224816 /* icon@2x.png */ = {isa = PBXFileReference; lastKnownFileType = image.png; name = "icon@2x.png"; path = "Resources/icons/icon@2x.png"; sourceTree = "<group>"; };
		84BF69EA171567E500224816 /* Default-Landscape~ipad.png */ = {isa = PBXFileReference; lastKnownFileType = image.png; name = "Default-Landscape~ipad.png"; path = "Resources/splash/Default-Landscape~ipad.png"; sourceTree = "<group>"; };
		84BF69EC171567E600224816 /* Default-Portrait~ipad.png */ = {isa = PBXFileReference; lastKnownFileType = image.png; name = "Default-Portrait~ipad.png"; path = "Resources/splash/Default-Portrait~ipad.png"; sourceTree = "<group>"; };
		84BF69EE171567E600224816 /* Default.png */ = {isa = PBXFileReference; lastKnownFileType = image.png; name = Default.png; path = Resources/splash/Default.png; sourceTree = "<group>"; };
		84BF69F0171567E600224816 /* Default@2x.png */ = {isa = PBXFileReference; lastKnownFileType = image.png; name = "Default@2x.png"; path = "Resources/splash/Default@2x.png"; sourceTree = "<group>"; };
		84BF69F2171567E600224816 /* Default~iPad.png */ = {isa = PBXFileReference; lastKnownFileType = image.png; name = "Default~iPad.png"; path = "Resources/splash/Default~iPad.png"; sourceTree = "<group>"; };
		84BF69F4171567E600224816 /* readme.md */ = {isa = PBXFileReference; lastKnownFileType = text; path = readme.md; sourceTree = "<group>"; };
		84BF69F7171567E600224816 /* AppDelegate.h */ = {isa = PBXFileReference; lastKnownFileType = sourcecode.c.h; name = AppDelegate.h; path = Classes/AppDelegate.h; sourceTree = "<group>"; };
		84BF69F8171567E600224816 /* AppDelegate.m */ = {isa = PBXFileReference; lastKnownFileType = sourcecode.c.objc; name = AppDelegate.m; path = Classes/AppDelegate.m; sourceTree = "<group>"; };
		84BF69FB171567E600224816 /* SFContainerAppDelegate.h */ = {isa = PBXFileReference; lastKnownFileType = sourcecode.c.h; name = SFContainerAppDelegate.h; path = Container/SFContainerAppDelegate.h; sourceTree = "<group>"; };
		84BF69FC171567E600224816 /* SFContainerAppDelegate.m */ = {isa = PBXFileReference; lastKnownFileType = sourcecode.c.objc; name = SFContainerAppDelegate.m; path = Container/SFContainerAppDelegate.m; sourceTree = "<group>"; };
		84BF69FF171567E600224816 /* README */ = {isa = PBXFileReference; lastKnownFileType = text; name = README; path = Plugins/README; sourceTree = "<group>"; };
		84BF6A01171567E600224816 /* SalesforceOAuthPlugin.m */ = {isa = PBXFileReference; lastKnownFileType = sourcecode.c.objc; name = SalesforceOAuthPlugin.m; path = Plugins/SalesforceOAuthPlugin.m; sourceTree = "<group>"; };
		84BF6A03171567E600224816 /* SalesforceOAuthPlugin.h */ = {isa = PBXFileReference; lastKnownFileType = sourcecode.c.h; name = SalesforceOAuthPlugin.h; path = Plugins/SalesforceOAuthPlugin.h; sourceTree = "<group>"; };
		84BF6A04171567E600224816 /* PhoneGap.plist */ = {isa = PBXFileReference; lastKnownFileType = text.plist.xml; path = PhoneGap.plist; sourceTree = "<group>"; };
		84BF6A06171567E600224816 /* Settings.bundle */ = {isa = PBXFileReference; lastKnownFileType = "wrapper.plug-in"; path = Settings.bundle; sourceTree = "<group>"; };
		84BF6A08171567E600224816 /* PhoneGapResources.bundle */ = {isa = PBXFileReference; lastKnownFileType = "wrapper.plug-in"; path = PhoneGapResources.bundle; sourceTree = "<group>"; };
		84BF6A1417156C5500224816 /* www */ = {isa = PBXFileReference; lastKnownFileType = folder; name = www; path = MobileComp/www; sourceTree = "<group>"; };
/* End PBXFileReference section */

/* Begin PBXFrameworksBuildPhase section */
		84BF6982171567E300224816 /* Frameworks */ = {
			isa = PBXFrameworksBuildPhase;
			buildActionMask = 2147483647;
			files = (
				84BF698B171567E300224816 /* Foundation.framework in Frameworks */,
				84BF698D171567E400224816 /* UIKit.framework in Frameworks */,
				84BF698F171567E400224816 /* CFNetwork.framework in Frameworks */,
				84BF6991171567E400224816 /* CoreGraphics.framework in Frameworks */,
				84BF6993171567E400224816 /* CoreLocation.framework in Frameworks */,
				84BF6995171567E400224816 /* CoreMedia.framework in Frameworks */,
				84BF6997171567E400224816 /* QuartzCore.framework in Frameworks */,
				84BF6999171567E400224816 /* Security.framework in Frameworks */,
				84BF699B171567E400224816 /* MobileCoreServices.framework in Frameworks */,
				84BF699D171567E400224816 /* AddressBook.framework in Frameworks */,
				84BF699F171567E400224816 /* AddressBookUI.framework in Frameworks */,
				84BF69A1171567E400224816 /* AudioToolbox.framework in Frameworks */,
				84BF69A3171567E400224816 /* AVFoundation.framework in Frameworks */,
				84BF69A5171567E400224816 /* MediaPlayer.framework in Frameworks */,
				84BF69A7171567E400224816 /* SystemConfiguration.framework in Frameworks */,
				84BF69CA171567E500224816 /* PhoneGap.framework in Frameworks */,
				84BF69D2171567E500224816 /* libSalesforceOAuth.a in Frameworks */,
				84BF69E0171567E500224816 /* libsbjson-ios.a in Frameworks */,
			);
			runOnlyForDeploymentPostprocessing = 0;
		};
/* End PBXFrameworksBuildPhase section */

/* Begin PBXGroup section */
		84BF697A171567E300224816 = {
			isa = PBXGroup;
			children = (
				84BF6A1417156C5500224816 /* www */,
				84BF69A8171567E400224816 /* MobileComp */,
				84BF6989171567E300224816 /* Frameworks */,
				84BF6987171567E300224816 /* Products */,
			);
			sourceTree = "<group>";
		};
		84BF6987171567E300224816 /* Products */ = {
			isa = PBXGroup;
			children = (
				84BF6986171567E300224816 /* MobileComp.app */,
			);
			name = Products;
			sourceTree = "<group>";
		};
		84BF6989171567E300224816 /* Frameworks */ = {
			isa = PBXGroup;
			children = (
				84BF698A171567E300224816 /* Foundation.framework */,
				84BF698C171567E400224816 /* UIKit.framework */,
				84BF698E171567E400224816 /* CFNetwork.framework */,
				84BF6990171567E400224816 /* CoreGraphics.framework */,
				84BF6992171567E400224816 /* CoreLocation.framework */,
				84BF6994171567E400224816 /* CoreMedia.framework */,
				84BF6996171567E400224816 /* QuartzCore.framework */,
				84BF6998171567E400224816 /* Security.framework */,
				84BF699A171567E400224816 /* MobileCoreServices.framework */,
				84BF699C171567E400224816 /* AddressBook.framework */,
				84BF699E171567E400224816 /* AddressBookUI.framework */,
				84BF69A0171567E400224816 /* AudioToolbox.framework */,
				84BF69A2171567E400224816 /* AVFoundation.framework */,
				84BF69A4171567E400224816 /* MediaPlayer.framework */,
				84BF69A6171567E400224816 /* SystemConfiguration.framework */,
			);
			name = Frameworks;
			sourceTree = "<group>";
		};
		84BF69A8171567E400224816 /* MobileComp */ = {
			isa = PBXGroup;
			children = (
				84BF69C9171567E500224816 /* PhoneGap.framework */,
				84BF69F4171567E600224816 /* readme.md */,
				84BF6A06171567E600224816 /* Settings.bundle */,
				84BF6A08171567E600224816 /* PhoneGapResources.bundle */,
				84BF69CB171567E500224816 /* dependencies */,
				84BF69E1171567E500224816 /* Resources */,
				84BF69F6171567E600224816 /* Classes */,
				84BF69FA171567E600224816 /* Container */,
				84BF69FE171567E600224816 /* Plugins */,
				84BF69A9171567E400224816 /* Supporting Files */,
			);
			path = MobileComp;
			sourceTree = "<group>";
		};
		84BF69A9171567E400224816 /* Supporting Files */ = {
			isa = PBXGroup;
			children = (
				84BF69AA171567E400224816 /* MobileComp-Info.plist */,
				84BF69AB171567E400224816 /* InfoPlist.strings */,
				84BF69AE171567E400224816 /* main.m */,
				84BF69B0171567E400224816 /* MobileComp-Prefix.pch */,
				84BF6A04171567E600224816 /* PhoneGap.plist */,
			);
			name = "Supporting Files";
			sourceTree = "<group>";
		};
		84BF69CB171567E500224816 /* dependencies */ = {
			isa = PBXGroup;
			children = (
				84BF69CC171567E500224816 /* SalesforceOAuth */,
				84BF69D3171567E500224816 /* SBJson */,
			);
			name = dependencies;
			sourceTree = "<group>";
		};
		84BF69CC171567E500224816 /* SalesforceOAuth */ = {
			isa = PBXGroup;
			children = (
				84BF69D1171567E500224816 /* libSalesforceOAuth.a */,
				84BF69CD171567E500224816 /* include */,
			);
			name = SalesforceOAuth;
			sourceTree = "<group>";
		};
		84BF69CD171567E500224816 /* include */ = {
			isa = PBXGroup;
			children = (
				84BF69CE171567E500224816 /* SalesforceOAuth */,
			);
			name = include;
			sourceTree = "<group>";
		};
		84BF69CE171567E500224816 /* SalesforceOAuth */ = {
			isa = PBXGroup;
			children = (
				84BF69CF171567E500224816 /* SFOAuthCoordinator.h */,
				84BF69D0171567E500224816 /* SFOAuthCredentials.h */,
			);
			name = SalesforceOAuth;
			sourceTree = "<group>";
		};
		84BF69D3171567E500224816 /* SBJson */ = {
			isa = PBXGroup;
			children = (
				84BF69DF171567E500224816 /* libsbjson-ios.a */,
				84BF69D4171567E500224816 /* include */,
			);
			name = SBJson;
			sourceTree = "<group>";
		};
		84BF69D4171567E500224816 /* include */ = {
			isa = PBXGroup;
			children = (
				84BF69D5171567E500224816 /* SBJson */,
			);
			name = include;
			sourceTree = "<group>";
		};
		84BF69D5171567E500224816 /* SBJson */ = {
			isa = PBXGroup;
			children = (
				84BF69D6171567E500224816 /* NSObject+SBJson.h */,
				84BF69D7171567E500224816 /* SBJson.h */,
				84BF69D8171567E500224816 /* SBJsonParser.h */,
				84BF69D9171567E500224816 /* SBJsonStreamParser.h */,
				84BF69DA171567E500224816 /* SBJsonStreamParserAccumulator.h */,
				84BF69DB171567E500224816 /* SBJsonStreamParserAdapter.h */,
				84BF69DC171567E500224816 /* SBJsonStreamWriter.h */,
				84BF69DD171567E500224816 /* SBJsonStreamWriterAccumulator.h */,
				84BF69DE171567E500224816 /* SBJsonWriter.h */,
			);
			name = SBJson;
			sourceTree = "<group>";
		};
		84BF69E1171567E500224816 /* Resources */ = {
			isa = PBXGroup;
			children = (
				84BF69E2171567E500224816 /* icons */,
				84BF69E9171567E500224816 /* splash */,
			);
			name = Resources;
			sourceTree = "<group>";
		};
		84BF69E2171567E500224816 /* icons */ = {
			isa = PBXGroup;
			children = (
				84BF69E3171567E500224816 /* icon-72.png */,
				84BF69E5171567E500224816 /* icon.png */,
				84BF69E7171567E500224816 /* icon@2x.png */,
			);
			name = icons;
			sourceTree = "<group>";
		};
		84BF69E9171567E500224816 /* splash */ = {
			isa = PBXGroup;
			children = (
				84BF69EA171567E500224816 /* Default-Landscape~ipad.png */,
				84BF69EC171567E600224816 /* Default-Portrait~ipad.png */,
				84BF69EE171567E600224816 /* Default.png */,
				84BF69F0171567E600224816 /* Default@2x.png */,
				84BF69F2171567E600224816 /* Default~iPad.png */,
			);
			name = splash;
			sourceTree = "<group>";
		};
		84BF69F6171567E600224816 /* Classes */ = {
			isa = PBXGroup;
			children = (
				84BF69F7171567E600224816 /* AppDelegate.h */,
				84BF69F8171567E600224816 /* AppDelegate.m */,
			);
			name = Classes;
			sourceTree = "<group>";
		};
		84BF69FA171567E600224816 /* Container */ = {
			isa = PBXGroup;
			children = (
				84BF69FB171567E600224816 /* SFContainerAppDelegate.h */,
				84BF69FC171567E600224816 /* SFContainerAppDelegate.m */,
			);
			name = Container;
			sourceTree = "<group>";
		};
		84BF69FE171567E600224816 /* Plugins */ = {
			isa = PBXGroup;
			children = (
				84BF69FF171567E600224816 /* README */,
				84BF6A01171567E600224816 /* SalesforceOAuthPlugin.m */,
				84BF6A03171567E600224816 /* SalesforceOAuthPlugin.h */,
			);
			name = Plugins;
			sourceTree = "<group>";
		};
/* End PBXGroup section */

/* Begin PBXNativeTarget section */
		84BF6985171567E300224816 /* MobileComp */ = {
			isa = PBXNativeTarget;
			buildConfigurationList = 84BF6A0C171567E600224816 /* Build configuration list for PBXNativeTarget "MobileComp" */;
			buildPhases = (
				84BF6981171567E300224816 /* Sources */,
				84BF6982171567E300224816 /* Frameworks */,
				84BF6983171567E300224816 /* Resources */,
				84BF6984171567E300224816 /* Sources */,
			);
			buildRules = (
			);
			dependencies = (
			);
			name = MobileComp;
			productName = MobileComp;
			productReference = 84BF6986171567E300224816 /* MobileComp.app */;
			productType = "com.apple.product-type.application";
		};
/* End PBXNativeTarget section */

/* Begin PBXProject section */
		84BF697C171567E300224816 /* Project object */ = {
			isa = PBXProject;
			attributes = {
				LastUpgradeCheck = 0420;
			};
			buildConfigurationList = 84BF697F171567E300224816 /* Build configuration list for PBXProject "MobileComp" */;
			compatibilityVersion = "Xcode 3.2";
			developmentRegion = English;
			hasScannedForEncodings = 0;
			knownRegions = (
				en,
			);
			mainGroup = 84BF697A171567E300224816;
			productRefGroup = 84BF6987171567E300224816 /* Products */;
			projectDirPath = "";
			projectRoot = "";
			targets = (
				84BF6985171567E300224816 /* MobileComp */,
			);
		};
/* End PBXProject section */

/* Begin PBXResourcesBuildPhase section */
		84BF6983171567E300224816 /* Resources */ = {
			isa = PBXResourcesBuildPhase;
			buildActionMask = 2147483647;
			files = (
				84BF69AD171567E400224816 /* InfoPlist.strings in Resources */,
				84BF69B1171567E400224816 /* MobileComp-Prefix.pch in Resources */,
				84BF69E4171567E500224816 /* icon-72.png in Resources */,
				84BF69E6171567E500224816 /* icon.png in Resources */,
				84BF69E8171567E500224816 /* icon@2x.png in Resources */,
				84BF69EB171567E500224816 /* Default-Landscape~ipad.png in Resources */,
				84BF69ED171567E600224816 /* Default-Portrait~ipad.png in Resources */,
				84BF69EF171567E600224816 /* Default.png in Resources */,
				84BF69F1171567E600224816 /* Default@2x.png in Resources */,
				84BF69F3171567E600224816 /* Default~iPad.png in Resources */,
				84BF69F5171567E600224816 /* readme.md in Resources */,
				84BF6A00171567E600224816 /* README in Resources */,
				84BF6A05171567E600224816 /* PhoneGap.plist in Resources */,
				84BF6A07171567E600224816 /* Settings.bundle in Resources */,
				84BF6A09171567E600224816 /* PhoneGapResources.bundle in Resources */,
				84BF6A1517156C5500224816 /* www in Resources */,
			);
			runOnlyForDeploymentPostprocessing = 0;
		};
/* End PBXResourcesBuildPhase section */

/* Begin PBXSourcesBuildPhase section */
		84BF6981171567E300224816 /* Sources */ = {
			isa = PBXSourcesBuildPhase;
			buildActionMask = 2147483647;
			files = (
				84BF69AF171567E400224816 /* main.m in Sources */,
				84BF69F9171567E600224816 /* AppDelegate.m in Sources */,
				84BF69FD171567E600224816 /* SFContainerAppDelegate.m in Sources */,
				84BF6A02171567E600224816 /* SalesforceOAuthPlugin.m in Sources */,
			);
			runOnlyForDeploymentPostprocessing = 0;
		};
		84BF6984171567E300224816 /* Sources */ = {
			isa = PBXSourcesBuildPhase;
			buildActionMask = 2147483647;
			files = (
			);
			runOnlyForDeploymentPostprocessing = 0;
		};
/* End PBXSourcesBuildPhase section */

/* Begin PBXVariantGroup section */
		84BF69AB171567E400224816 /* InfoPlist.strings */ = {
			isa = PBXVariantGroup;
			children = (
				84BF69AC171567E400224816 /* en */,
			);
			name = InfoPlist.strings;
			sourceTree = "<group>";
		};
/* End PBXVariantGroup section */

/* Begin XCBuildConfiguration section */
		84BF6A0A171567E600224816 /* Debug */ = {
			isa = XCBuildConfiguration;
			buildSettings = {
				ALWAYS_SEARCH_USER_PATHS = YES;
				ARCHS = "$(ARCHS_STANDARD_32_BIT)";
				CODE_SIGN_IDENTITY = "iPhone Developer: Andi Giri (Q6RZW4U73Z)";
				COPY_PHASE_STRIP = NO;
				GCC_C_LANGUAGE_STANDARD = gnu99;
				GCC_DYNAMIC_NO_PIC = NO;
				GCC_OPTIMIZATION_LEVEL = 0;
				GCC_PREPROCESSOR_DEFINITIONS = (
					"DEBUG=1",
					"$(inherited)",
				);
				GCC_SYMBOLS_PRIVATE_EXTERN = NO;
				GCC_VERSION = com.apple.compilers.llvm.clang.1_0;
				GCC_WARN_ABOUT_MISSING_PROTOTYPES = YES;
				GCC_WARN_ABOUT_RETURN_TYPE = YES;
				GCC_WARN_UNUSED_VARIABLE = YES;
				IPHONEOS_DEPLOYMENT_TARGET = 5.0;
				OTHER_LDFLAGS = (
					"-ObjC",
					"-all_load",
				);
				PROVISIONING_PROFILE = "AF21155A-467A-4481-90D1-8D58F81E35C9";
				SDKROOT = iphoneos;
				TARGETED_DEVICE_FAMILY = "1,2";
			};
			name = Debug;
		};
		84BF6A0B171567E600224816 /* Release */ = {
			isa = XCBuildConfiguration;
			buildSettings = {
				ALWAYS_SEARCH_USER_PATHS = YES;
				ARCHS = "$(ARCHS_STANDARD_32_BIT)";
				CODE_SIGN_IDENTITY = "iPhone Developer: Andi Giri (Q6RZW4U73Z)";
				COPY_PHASE_STRIP = YES;
				GCC_C_LANGUAGE_STANDARD = gnu99;
				GCC_PREPROCESSOR_DEFINITIONS = "PHONEGAP_FRAMEWORK=YES";
				GCC_VERSION = com.apple.compilers.llvm.clang.1_0;
				GCC_WARN_ABOUT_MISSING_PROTOTYPES = YES;
				GCC_WARN_ABOUT_RETURN_TYPE = YES;
				GCC_WARN_UNUSED_VARIABLE = YES;
				IPHONEOS_DEPLOYMENT_TARGET = 5.0;
				OTHER_LDFLAGS = (
					"-ObjC",
					"-all_load",
				);
				PROVISIONING_PROFILE = "AF21155A-467A-4481-90D1-8D58F81E35C9";
				SDKROOT = iphoneos;
				TARGETED_DEVICE_FAMILY = "1,2";
				VALIDATE_PRODUCT = YES;
			};
			name = Release;
		};
		84BF6A0D171567E600224816 /* Debug */ = {
			isa = XCBuildConfiguration;
			buildSettings = {
				CODE_SIGN_IDENTITY = "iPhone Developer";
				FRAMEWORK_SEARCH_PATHS = (
					"$(inherited)",
					"\"$(SRCROOT)/MobileComp/dependencies\"",
				);
				GCC_PRECOMPILE_PREFIX_HEADER = YES;
				GCC_PREFIX_HEADER = "MobileComp/MobileComp-Prefix.pch";
				INFOPLIST_FILE = "MobileComp/MobileComp-Info.plist";
				LIBRARY_SEARCH_PATHS = (
					"$(inherited)",
					"\"$(SRCROOT)/MobileComp/dependencies/SalesforceOAuth\"",
					"\"$(SRCROOT)/MobileComp/dependencies/SBJson\"",
				);
				PRODUCT_NAME = "$(TARGET_NAME)";
				PROVISIONING_PROFILE = "";
				WRAPPER_EXTENSION = app;
			};
			name = Debug;
		};
		84BF6A0E171567E600224816 /* Release */ = {
			isa = XCBuildConfiguration;
			buildSettings = {
				CODE_SIGN_IDENTITY = "iPhone Developer";
				FRAMEWORK_SEARCH_PATHS = (
					"$(inherited)",
					"\"$(SRCROOT)/MobileComp/dependencies\"",
				);
				GCC_PRECOMPILE_PREFIX_HEADER = YES;
				GCC_PREFIX_HEADER = "MobileComp/MobileComp-Prefix.pch";
				INFOPLIST_FILE = "MobileComp/MobileComp-Info.plist";
				LIBRARY_SEARCH_PATHS = (
					"$(inherited)",
					"\"$(SRCROOT)/MobileComp/dependencies/SalesforceOAuth\"",
					"\"$(SRCROOT)/MobileComp/dependencies/SBJson\"",
				);
				PRODUCT_NAME = "$(TARGET_NAME)";
				PROVISIONING_PROFILE = "";
				WRAPPER_EXTENSION = app;
			};
			name = Release;
		};
/* End XCBuildConfiguration section */

/* Begin XCConfigurationList section */
		84BF697F171567E300224816 /* Build configuration list for PBXProject "MobileComp" */ = {
			isa = XCConfigurationList;
			buildConfigurations = (
				84BF6A0A171567E600224816 /* Debug */,
				84BF6A0B171567E600224816 /* Release */,
			);
			defaultConfigurationIsVisible = 0;
			defaultConfigurationName = Release;
		};
		84BF6A0C171567E600224816 /* Build configuration list for PBXNativeTarget "MobileComp" */ = {
			isa = XCConfigurationList;
			buildConfigurations = (
				84BF6A0D171567E600224816 /* Debug */,
				84BF6A0E171567E600224816 /* Release */,
			);
			defaultConfigurationIsVisible = 0;
			defaultConfigurationName = Release;
		};
/* End XCConfigurationList section */
	};
	rootObject = 84BF697C171567E300224816 /* Project object */;
}
